
Microsoft Visual Studio Solution File, Format Version 12.00
# Visual Studio 15
Project("{FAE04EC0-301F-11D3-BF4B-00C04F79EFBC}") = "Assembly-CSharp", "Assembly-CSharp.csproj", "{4FDD64D0-2151-A731-DEF6-21A5C394C7BD}"
EndProject
Project("{FAE04EC0-301F-11D3-BF4B-00C04F79EFBC}") = "Sirenix.OdinInspector.CompatibilityLayer", "Sirenix.OdinInspector.CompatibilityLayer.csproj", "{289798AD-7705-8E92-3CD2-E6329B014778}"
EndProject
Project("{FAE04EC0-301F-11D3-BF4B-00C04F79EFBC}") = "Sirenix.OdinInspector.CompatibilityLayer.Editor", "Sirenix.OdinInspector.CompatibilityLayer.Editor.csproj", "{E4C049DC-7A7E-A906-9DE2-22862120C2FA}"
EndProject
Global
	GlobalSection(SolutionConfigurationPlatforms) = preSolution
		Debug|Any CPU = Debug|Any CPU
		Release|Any CPU = Release|Any CPU
	EndGlobalSection
	GlobalSection(ProjectConfigurationPlatforms) = postSolution
		{4FDD64D0-2151-A731-DEF6-21A5C394C7BD}.Debug|Any CPU.ActiveCfg = Debug|Any CPU
		{4FDD64D0-2151-A731-DEF6-21A5C394C7BD}.Debug|Any CPU.Build.0 = Debug|Any CPU
		{4FDD64D0-2151-A731-DEF6-21A5C394C7BD}.Release|Any CPU.ActiveCfg = Release|Any CPU
		{4FDD64D0-2151-A731-DEF6-21A5C394C7BD}.Release|Any CPU.Build.0 = Release|Any CPU
		{289798AD-7705-8E92-3CD2-E6329B014778}.Debug|Any CPU.ActiveCfg = Debug|Any CPU
		{289798AD-7705-8E92-3CD2-E6329B014778}.Debug|Any CPU.Build.0 = Debug|Any CPU
		{289798AD-7705-8E92-3CD2-E6329B014778}.Release|Any CPU.ActiveCfg = Release|Any CPU
		{289798AD-7705-8E92-3CD2-E6329B014778}.Release|Any CPU.Build.0 = Release|Any CPU
		{E4C049DC-7A7E-A906-9DE2-22862120C2FA}.Debug|Any CPU.ActiveCfg = Debug|Any CPU
		{E4C049DC-7A7E-A906-9DE2-22862120C2FA}.Debug|Any CPU.Build.0 = Debug|Any CPU
		{E4C049DC-7A7E-A906-9DE2-22862120C2FA}.Release|Any CPU.ActiveCfg = Release|Any CPU
		{E4C049DC-7A7E-A906-9DE2-22862120C2FA}.Release|Any CPU.Build.0 = Release|Any CPU
	EndGlobalSection
	GlobalSection(SolutionProperties) = preSolution
		HideSolutionNode = FALSE
	EndGlobalSection
EndGlobal
